
Microsoft Visual Studio Solution File, Format Version 12.00
# Visual Studio 15
Project("{FAE04EC0-301F-11D3-BF4B-00C04F79EFBC}") = "Assembly-CSharp", "Assembly-CSharp.csproj", "{8A0EFC9E-3B6E-D024-3CB5-54CBB3A92029}"
EndProject
Project("{FAE04EC0-301F-11D3-BF4B-00C04F79EFBC}") = "Assembly-CSharp-Editor", "Assembly-CSharp-Editor.csproj", "{815073F8-208D-861E-DBED-8EB6863211F2}"
EndProject
Global
	GlobalSection(SolutionConfigurationPlatforms) = preSolution
		Debug|Any CPU = Debug|Any CPU
		Release|Any CPU = Release|Any CPU
	EndGlobalSection
	GlobalSection(ProjectConfigurationPlatforms) = postSolution
		{8A0EFC9E-3B6E-D024-3CB5-54CBB3A92029}.Debug|Any CPU.ActiveCfg = Debug|Any CPU
		{8A0EFC9E-3B6E-D024-3CB5-54CBB3A92029}.Debug|Any CPU.Build.0 = Debug|Any CPU
		{8A0EFC9E-3B6E-D024-3CB5-54CBB3A92029}.Release|Any CPU.ActiveCfg = Release|Any CPU
		{8A0EFC9E-3B6E-D024-3CB5-54CBB3A92029}.Release|Any CPU.Build.0 = Release|Any CPU
		{815073F8-208D-861E-DBED-8EB6863211F2}.Debug|Any CPU.ActiveCfg = Debug|Any CPU
		{815073F8-208D-861E-DBED-8EB6863211F2}.Debug|Any CPU.Build.0 = Debug|Any CPU
		{815073F8-208D-861E-DBED-8EB6863211F2}.Release|Any CPU.ActiveCfg = Release|Any CPU
		{815073F8-208D-861E-DBED-8EB6863211F2}.Release|Any CPU.Build.0 = Release|Any CPU
	EndGlobalSection
	GlobalSection(SolutionProperties) = preSolution
		HideSolutionNode = FALSE
	EndGlobalSection
EndGlobal
